PODS:
  - Flutter (1.0.0)
  - integration_test (0.0.1):
    - Flutter
  - maps_flutter (1.0.2):
    - Flutter

DEPENDENCIES:
  - Flutter (from `Flutter`)
  - integration_test (from `.symlinks/plugins/integration_test/ios`)
  - maps_flutter (from `.symlinks/plugins/maps_flutter/ios`)

EXTERNAL SOURCES:
  Flutter:
    :path: Flutter
  integration_test:
    :path: ".symlinks/plugins/integration_test/ios"
  maps_flutter:
    :path: ".symlinks/plugins/maps_flutter/ios"

SPEC CHECKSUMS:
  Flutter: f04841e97a9d0b0a8025694d0796dd46242b2854
  integration_test: 13825b8a9334a850581300559b8839134b124670
  maps_flutter: 537dfa1fd0f9cefd1c3ba54fa7c8900fb7b4255b

PODFILE CHECKSUM: 70d9d25280d0dd177a5f637cdb0f0b0b12c6a189

COCOAPODS: 1.11.3
